// !$*UTF8*$!
{
	archiveVersion = 1;
	classes = {
	};
	objectVersion = 55;
	objects = {

/* Begin PBXBuildFile section */
		0250D3812806A8B900993FBF /* ElasticHeader0413App.swift in Sources */ = {isa = PBXBuildFile; fileRef = 0250D3802806A8B900993FBF /* ElasticHeader0413App.swift */; };
		0250D3832806A8B900993FBF /* ContentView.swift in Sources */ = {isa = PBXBuildFile; fileRef = 0250D3822806A8B900993FBF /* ContentView.swift */; };
		0250D3852806A8BB00993FBF /* Assets.xcassets in Resources */ = {isa = PBXBuildFile; fileRef = 0250D3842806A8BB00993FBF /* Assets.xcassets */; };
		0250D3882806A8BB00993FBF /* Preview Assets.xcassets in Resources */ = {isa = PBXBuildFile; fileRef = 0250D3872806A8BB00993FBF /* Preview Assets.xcassets */; };
		0250D3912806A9DD00993FBF /* Album.swift in Sources */ = {isa = PBXBuildFile; fileRef = 0250D3902806A9DD00993FBF /* Album.swift */; };
		0250D3932806AC3D00993FBF /* Home.swift in Sources */ = {isa = PBXBuildFile; fileRef = 0250D3922806AC3D00993FBF /* Home.swift */; };
		0250D3952806C57900993FBF /* OffsetModifier.swift in Sources */ = {isa = PBXBuildFile; fileRef = 0250D3942806C57900993FBF /* OffsetModifier.swift */; };
/* End PBXBuildFile section */

/* Begin PBXFileReference section */
		0250D37D2806A8B900993FBF /* ElasticHeader0413.app */ = {isa = PBXFileReference; explicitFileType = wrapper.application; includeInIndex = 0; path = ElasticHeader0413.app; sourceTree = BUILT_PRODUCTS_DIR; };
		0250D3802806A8B900993FBF /* ElasticHeader0413App.swift */ = {isa = PBXFileReference; lastKnownFileType = sourcecode.swift; path = ElasticHeader0413App.swift; sourceTree = "<group>"; };
		0250D3822806A8B900993FBF /* ContentView.swift */ = {isa = PBXFileReference; lastKnownFileType = sourcecode.swift; path = ContentView.swift; sourceTree = "<group>"; };
		0250D3842806A8BB00993FBF /* Assets.xcassets */ = {isa = PBXFileReference; lastKnownFileType = folder.assetcatalog; path = Assets.xcassets; sourceTree = "<group>"; };
		0250D3872806A8BB00993FBF /* Preview Assets.xcassets */ = {isa = PBXFileReference; lastKnownFileType = folder.assetcatalog; path = "Preview Assets.xcassets"; sourceTree = "<group>"; };
		0250D3902806A9DD00993FBF /* Album.swift */ = {isa = PBXFileReference; lastKnownFileType = sourcecode.swift; path = Album.swift; sourceTree = "<group>"; };
		0250D3922806AC3D00993FBF /* Home.swift */ = {isa = PBXFileReference; lastKnownFileType = sourcecode.swift; path = Home.swift; sourceTree = "<group>"; };
		0250D3942806C57900993FBF /* OffsetModifier.swift */ = {isa = PBXFileReference; lastKnownFileType = sourcecode.swift; path = OffsetModifier.swift; sourceTree = "<group>"; };
/* End PBXFileReference section */

/* Begin PBXFrameworksBuildPhase section */
		0250D37A2806A8B900993FBF /* Frameworks */ = {
			isa = PBXFrameworksBuildPhase;
			buildActionMask = 2147483647;
			files = (
			);
			runOnlyForDeploymentPostprocessing = 0;
		};
/* End PBXFrameworksBuildPhase section */

/* Begin PBXGroup section */
		0250D3742806A8B900993FBF = {
			isa = PBXGroup;
			children = (
				0250D37F2806A8B900993FBF /* ElasticHeader0413 */,
				0250D37E2806A8B900993FBF /* Products */,
			);
			sourceTree = "<group>";
		};
		0250D37E2806A8B900993FBF /* Products */ = {
			isa = PBXGroup;
			children = (
				0250D37D2806A8B900993FBF /* ElasticHeader0413.app */,
			);
			name = Products;
			sourceTree = "<group>";
		};
		0250D37F2806A8B900993FBF /* ElasticHeader0413 */ = {
			isa = PBXGroup;
			children = (
				0250D38F2806A9CA00993FBF /* Model */,
				0250D38E2806A9C200993FBF /* View */,
				0250D3802806A8B900993FBF /* ElasticHeader0413App.swift */,
				0250D3822806A8B900993FBF /* ContentView.swift */,
				0250D3842806A8BB00993FBF /* Assets.xcassets */,
				0250D3862806A8BB00993FBF /* Preview Content */,
			);
			path = ElasticHeader0413;
			sourceTree = "<group>";
		};
		0250D3862806A8BB00993FBF /* Preview Content */ = {
			isa = PBXGroup;
			children = (
				0250D3872806A8BB00993FBF /* Preview Assets.xcassets */,
			);
			path = "Preview Content";
			sourceTree = "<group>";
		};
		0250D38E2806A9C200993FBF /* View */ = {
			isa = PBXGroup;
			children = (
				0250D3922806AC3D00993FBF /* Home.swift */,
				0250D3942806C57900993FBF /* OffsetModifier.swift */,
			);
			path = View;
			sourceTree = "<group>";
		};
		0250D38F2806A9CA00993FBF /* Model */ = {
			isa = PBXGroup;
			children = (
				0250D3902806A9DD00993FBF /* Album.swift */,
			);
			path = Model;
			sourceTree = "<group>";
		};
/* End PBXGroup section */

/* Begin PBXNativeTarget section */
		0250D37C2806A8B900993FBF /* ElasticHeader0413 */ = {
			isa = PBXNativeTarget;
			buildConfigurationList = 0250D38B2806A8BB00993FBF /* Build configuration list for PBXNativeTarget "ElasticHeader0413" */;
			buildPhases = (
				0250D3792806A8B900993FBF /* Sources */,
				0250D37A2806A8B900993FBF /* Frameworks */,
				0250D37B2806A8B900993FBF /* Resources */,
			);
			buildRules = (
			);
			dependencies = (
			);
			name = ElasticHeader0413;
			productName = ElasticHeader0413;
			productReference = 0250D37D2806A8B900993FBF /* ElasticHeader0413.app */;
			productType = "com.apple.product-type.application";
		};
/* End PBXNativeTarget section */

/* Begin PBXProject section */
		0250D3752806A8B900993FBF /* Project object */ = {
			isa = PBXProject;
			attributes = {
				BuildIndependentTargetsInParallel = 1;
				LastSwiftUpdateCheck = 1330;
				LastUpgradeCheck = 1330;
				TargetAttributes = {
					0250D37C2806A8B900993FBF = {
						CreatedOnToolsVersion = 13.3;
					};
				};
			};
			buildConfigurationList = 0250D3782806A8B900993FBF /* Build configuration list for PBXProject "ElasticHeader0413" */;
			compatibilityVersion = "Xcode 13.0";
			developmentRegion = en;
			hasScannedForEncodings = 0;
			knownRegions = (
				en,
				Base,
			);
			mainGroup = 0250D3742806A8B900993FBF;
			productRefGroup = 0250D37E2806A8B900993FBF /* Products */;
			projectDirPath = "";
			projectRoot = "";
			targets = (
				0250D37C2806A8B900993FBF /* ElasticHeader0413 */,
			);
		};
/* End PBXProject section */

/* Begin PBXResourcesBuildPhase section */
		0250D37B2806A8B900993FBF /* Resources */ = {
			isa = PBXResourcesBuildPhase;
			buildActionMask = 2147483647;
			files = (
				0250D3882806A8BB00993FBF /* Preview Assets.xcassets in Resources */,
				0250D3852806A8BB00993FBF /* Assets.xcassets in Resources */,
			);
			runOnlyForDeploymentPostprocessing = 0;
		};
/* End PBXResourcesBuildPhase section */

/* Begin PBXSourcesBuildPhase section */
		0250D3792806A8B900993FBF /* Sources */ = {
			isa = PBXSourcesBuildPhase;
			buildActionMask = 2147483647;
			files = (
				0250D3832806A8B900993FBF /* ContentView.swift in Sources */,
				0250D3812806A8B900993FBF /* ElasticHeader0413App.swift in Sources */,
				0250D3952806C57900993FBF /* OffsetModifier.swift in Sources */,
				0250D3932806AC3D00993FBF /* Home.swift in Sources */,
				0250D3912806A9DD00993FBF /* Album.swift in Sources */,
			);
			runOnlyForDeploymentPostprocessing = 0;
		};
/* End PBXSourcesBuildPhase section */

/* Begin XCBuildConfiguration section */
		0250D3892806A8BB00993FBF /* Debug */ = {
			isa = XCBuildConfiguration;
			buildSettings = {
				ALWAYS_SEARCH_USER_PATHS = NO;
				CLANG_ANALYZER_NONNULL = YES;
				CLANG_ANALYZER_NUMBER_OBJECT_CONVERSION = YES_AGGRESSIVE;
				CLANG_CXX_LANGUAGE_STANDARD = "gnu++17";
				CLANG_ENABLE_MODULES = YES;
				CLANG_ENABLE_OBJC_ARC = YES;
				CLANG_ENABLE_OBJC_WEAK = YES;
				CLANG_WARN_BLOCK_CAPTURE_AUTORELEASING = YES;
				CLANG_WARN_BOOL_CONVERSION = YES;
				CLANG_WARN_COMMA = YES;
				CLANG_WARN_CONSTANT_CONVERSION = YES;
				CLANG_WARN_DEPRECATED_OBJC_IMPLEMENTATIONS = YES;
				CLANG_WARN_DIRECT_OBJC_ISA_USAGE = YES_ERROR;
				CLANG_WARN_DOCUMENTATION_COMMENTS = YES;
				CLANG_WARN_EMPTY_BODY = YES;
				CLANG_WARN_ENUM_CONVERSION = YES;
				CLANG_WARN_INFINITE_RECURSION = YES;
				CLANG_WARN_INT_CONVERSION = YES;
				CLANG_WARN_NON_LITERAL_NULL_CONVERSION = YES;
				CLANG_WARN_OBJC_IMPLICIT_RETAIN_SELF = YES;
				CLANG_WARN_OBJC_LITERAL_CONVERSION = YES;
				CLANG_WARN_OBJC_ROOT_CLASS = YES_ERROR;
				CLANG_WARN_QUOTED_INCLUDE_IN_FRAMEWORK_HEADER = YES;
				CLANG_WARN_RANGE_LOOP_ANALYSIS = YES;
				CLANG_WARN_STRICT_PROTOTYPES = YES;
				CLANG_WARN_SUSPICIOUS_MOVE = YES;
				CLANG_WARN_UNGUARDED_AVAILABILITY = YES_AGGRESSIVE;
				CLANG_WARN_UNREACHABLE_CODE = YES;
				CLANG_WARN__DUPLICATE_METHOD_MATCH = YES;
				COPY_PHASE_STRIP = NO;
				DEBUG_INFORMATION_FORMAT = dwarf;
				ENABLE_STRICT_OBJC_MSGSEND = YES;
				ENABLE_TESTABILITY = YES;
				GCC_C_LANGUAGE_STANDARD = gnu11;
				GCC_DYNAMIC_NO_PIC = NO;
				GCC_NO_COMMON_BLOCKS = YES;
				GCC_OPTIMIZATION_LEVEL = 0;
				GCC_PREPROCESSOR_DEFINITIONS = (
					"DEBUG=1",
					"$(inherited)",
				);
				GCC_WARN_64_TO_32_BIT_CONVERSION = YES;
				GCC_WARN_ABOUT_RETURN_TYPE = YES_ERROR;
				GCC_WARN_UNDECLARED_SELECTOR = YES;
				GCC_WARN_UNINITIALIZED_AUTOS = YES_AGGRESSIVE;
				GCC_WARN_UNUSED_FUNCTION = YES;
				GCC_WARN_UNUSED_VARIABLE = YES;
				IPHONEOS_DEPLOYMENT_TARGET = 15.4;
				MTL_ENABLE_DEBUG_INFO = INCLUDE_SOURCE;
				MTL_FAST_MATH = YES;
				ONLY_ACTIVE_ARCH = YES;
				SDKROOT = iphoneos;
				SWIFT_ACTIVE_COMPILATION_CONDITIONS = DEBUG;
				SWIFT_OPTIMIZATION_LEVEL = "-Onone";
			};
			name = Debug;
		};
		0250D38A2806A8BB00993FBF /* Release */ = {
			isa = XCBuildConfiguration;
			buildSettings = {
				ALWAYS_SEARCH_USER_PATHS = NO;
				CLANG_ANALYZER_NONNULL = YES;
				CLANG_ANALYZER_NUMBER_OBJECT_CONVERSION = YES_AGGRESSIVE;
				CLANG_CXX_LANGUAGE_STANDARD = "gnu++17";
				CLANG_ENABLE_MODULES = YES;
				CLANG_ENABLE_OBJC_ARC = YES;
				CLANG_ENABLE_OBJC_WEAK = YES;
				CLANG_WARN_BLOCK_CAPTURE_AUTORELEASING = YES;
				CLANG_WARN_BOOL_CONVERSION = YES;
				CLANG_WARN_COMMA = YES;
				CLANG_WARN_CONSTANT_CONVERSION = YES;
				CLANG_WARN_DEPRECATED_OBJC_IMPLEMENTATIONS = YES;
				CLANG_WARN_DIRECT_OBJC_ISA_USAGE = YES_ERROR;
				CLANG_WARN_DOCUMENTATION_COMMENTS = YES;
				CLANG_WARN_EMPTY_BODY = YES;
				CLANG_WARN_ENUM_CONVERSION = YES;
				CLANG_WARN_INFINITE_RECURSION = YES;
				CLANG_WARN_INT_CONVERSION = YES;
				CLANG_WARN_NON_LITERAL_NULL_CONVERSION = YES;
				CLANG_WARN_OBJC_IMPLICIT_RETAIN_SELF = YES;
				CLANG_WARN_OBJC_LITERAL_CONVERSION = YES;
				CLANG_WARN_OBJC_ROOT_CLASS = YES_ERROR;
				CLANG_WARN_QUOTED_INCLUDE_IN_FRAMEWORK_HEADER = YES;
				CLANG_WARN_RANGE_LOOP_ANALYSIS = YES;
				CLANG_WARN_STRICT_PROTOTYPES = YES;
				CLANG_WARN_SUSPICIOUS_MOVE = YES;
				CLANG_WARN_UNGUARDED_AVAILABILITY = YES_AGGRESSIVE;
				CLANG_WARN_UNREACHABLE_CODE = YES;
				CLANG_WARN__DUPLICATE_METHOD_MATCH = YES;
				COPY_PHASE_STRIP = NO;
				DEBUG_INFORMATION_FORMAT = "dwarf-with-dsym";
				ENABLE_NS_ASSERTIONS = NO;
				ENABLE_STRICT_OBJC_MSGSEND = YES;
				GCC_C_LANGUAGE_STANDARD = gnu11;
				GCC_NO_COMMON_BLOCKS = YES;
				GCC_WARN_64_TO_32_BIT_CONVERSION = YES;
				GCC_WARN_ABOUT_RETURN_TYPE = YES_ERROR;
				GCC_WARN_UNDECLARED_SELECTOR = YES;
				GCC_WARN_UNINITIALIZED_AUTOS = YES_AGGRESSIVE;
				GCC_WARN_UNUSED_FUNCTION = YES;
				GCC_WARN_UNUSED_VARIABLE = YES;
				IPHONEOS_DEPLOYMENT_TARGET = 15.4;
				MTL_ENABLE_DEBUG_INFO = NO;
				MTL_FAST_MATH = YES;
				SDKROOT = iphoneos;
				SWIFT_COMPILATION_MODE = wholemodule;
				SWIFT_OPTIMIZATION_LEVEL = "-O";
				VALIDATE_PRODUCT = YES;
			};
			name = Release;
		};
		0250D38C2806A8BB00993FBF /* Debug */ = {
			isa = XCBuildConfiguration;
			buildSettings = {
				ASSETCATALOG_COMPILER_APPICON_NAME = AppIcon;
				ASSETCATALOG_COMPILER_GLOBAL_ACCENT_COLOR_NAME = AccentColor;
				CODE_SIGN_STYLE = Automatic;
				CURRENT_PROJECT_VERSION = 1;
				DEVELOPMENT_ASSET_PATHS = "\"ElasticHeader0413/Preview Content\"";
				DEVELOPMENT_TEAM = Z24MR455SQ;
				ENABLE_PREVIEWS = YES;
				GENERATE_INFOPLIST_FILE = YES;
				INFOPLIST_KEY_UIApplicationSceneManifest_Generation = YES;
				INFOPLIST_KEY_UIApplicationSupportsIndirectInputEvents = YES;
				INFOPLIST_KEY_UILaunchScreen_Generation = YES;
				INFOPLIST_KEY_UISupportedInterfaceOrientations_iPad = "UIInterfaceOrientationPortrait UIInterfaceOrientationPortraitUpsideDown UIInterfaceOrientationLandscapeLeft UIInterfaceOrientationLandscapeRight";
				INFOPLIST_KEY_UISupportedInterfaceOrientations_iPhone = "UIInterfaceOrientationPortrait UIInterfaceOrientationLandscapeLeft UIInterfaceOrientationLandscapeRight";
				LD_RUNPATH_SEARCH_PATHS = (
					"$(inherited)",
					"@executable_path/Frameworks",
				);
				MARKETING_VERSION = 1.0;
				PRODUCT_BUNDLE_IDENTIFIER = zyf.ElasticHeader0413;
				PRODUCT_NAME = "$(TARGET_NAME)";
				SWIFT_EMIT_LOC_STRINGS = YES;
				SWIFT_VERSION = 5.0;
				TARGETED_DEVICE_FAMILY = "1,2";
			};
			name = Debug;
		};
		0250D38D2806A8BB00993FBF /* Release */ = {
			isa = XCBuildConfiguration;
			buildSettings = {
				ASSETCATALOG_COMPILER_APPICON_NAME = AppIcon;
				ASSETCATALOG_COMPILER_GLOBAL_ACCENT_COLOR_NAME = AccentColor;
				CODE_SIGN_STYLE = Automatic;
				CURRENT_PROJECT_VERSION = 1;
				DEVELOPMENT_ASSET_PATHS = "\"ElasticHeader0413/Preview Content\"";
				DEVELOPMENT_TEAM = Z24MR455SQ;
				ENABLE_PREVIEWS = YES;
				GENERATE_INFOPLIST_FILE = YES;
				INFOPLIST_KEY_UIApplicationSceneManifest_Generation = YES;
				INFOPLIST_KEY_UIApplicationSupportsIndirectInputEvents = YES;
				INFOPLIST_KEY_UILaunchScreen_Generation = YES;
				INFOPLIST_KEY_UISupportedInterfaceOrientations_iPad = "UIInterfaceOrientationPortrait UIInterfaceOrientationPortraitUpsideDown UIInterfaceOrientationLandscapeLeft UIInterfaceOrientationLandscapeRight";
				INFOPLIST_KEY_UISupportedInterfaceOrientations_iPhone = "UIInterfaceOrientationPortrait UIInterfaceOrientationLandscapeLeft UIInterfaceOrientationLandscapeRight";
				LD_RUNPATH_SEARCH_PATHS = (
					"$(inherited)",
					"@executable_path/Frameworks",
				);
				MARKETING_VERSION = 1.0;
				PRODUCT_BUNDLE_IDENTIFIER = zyf.ElasticHeader0413;
				PRODUCT_NAME = "$(TARGET_NAME)";
				SWIFT_EMIT_LOC_STRINGS = YES;
				SWIFT_VERSION = 5.0;
				TARGETED_DEVICE_FAMILY = "1,2";
			};
			name = Release;
		};
/* End XCBuildConfiguration section */

/* Begin XCConfigurationList section */
		0250D3782806A8B900993FBF /* Build configuration list for PBXProject "ElasticHeader0413" */ = {
			isa = XCConfigurationList;
			buildConfigurations = (
				0250D3892806A8BB00993FBF /* Debug */,
				0250D38A2806A8BB00993FBF /* Release */,
			);
			defaultConfigurationIsVisible = 0;
			defaultConfigurationName = Release;
		};
		0250D38B2806A8BB00993FBF /* Build configuration list for PBXNativeTarget "ElasticHeader0413" */ = {
			isa = XCConfigurationList;
			buildConfigurations = (
				0250D38C2806A8BB00993FBF /* Debug */,
				0250D38D2806A8BB00993FBF /* Release */,
			);
			defaultConfigurationIsVisible = 0;
			defaultConfigurationName = Release;
		};
/* End XCConfigurationList section */
	};
	rootObject = 0250D3752806A8B900993FBF /* Project object */;
}
